{
  "name": "drivers-lounge",
  "version": "2.0.0-rc.2",
  "lockfileVersion": 3,
  "requires": true,
  "packages": {
    "": {
      "name": "drivers-lounge",
      "version": "2.0.0-rc.2",
      "devDependencies": {
        "@electric-sql/pglite": "0.3.14",
        "fake-indexeddb": "6.2.4"
      },
      "engines": {
        "node": "22.x"
      }
    },
    "node_modules/@electric-sql/pglite": {
      "version": "0.3.14",
      "resolved": "https://registry.npmjs.org/@electric-sql/pglite/-/pglite-0.3.14.tgz",
      "integrity": "sha512-3DB258dhqdsArOI1fIt7cb9RpUOgcDg5hXWVgVHAeqVQ/qxtFy605QKs4gx6mFq3jWsSPqDN8TgSEsqC3OfV9Q==",
      "dev": true,
      "license": "Apache-2.0"
    },
    "node_modules/fake-indexeddb": {
      "version": "6.2.4",
      "resolved": "https://registry.npmjs.org/fake-indexeddb/-/fake-indexeddb-6.2.4.tgz",
      "integrity": "sha512-INKeIKEtSViN4yVtEWEUqbsqmaIy7Ls+MfU0yxQVXg67pOJ/sH1ZxcVrP8XrKULUFohcPD9gnmym+qBfEybACw==",
      "dev": true,
      "license": "Apache-2.0",
      "engines": {
        "node": ">=18"
      }
    }
  }
}
